
Microsoft Visual Studio Solution File, Format Version 12.00
# Visual Studio 15
Project("{FAE04EC0-301F-11D3-BF4B-00C04F79EFBC}") = "Swing", "Assembly-CSharp.csproj", "{07A827AA-353F-47B3-B2E1-528FF1A3CEF2}"
EndProject
Global
	GlobalSection(SolutionConfigurationPlatforms) = preSolution
		Debug|Any CPU = Debug|Any CPU
		Release|Any CPU = Release|Any CPU
	EndGlobalSection
	GlobalSection(ProjectConfigurationPlatforms) = postSolution
		{07A827AA-353F-47B3-B2E1-528FF1A3CEF2}.Debug|Any CPU.ActiveCfg = Debug|Any CPU
		{07A827AA-353F-47B3-B2E1-528FF1A3CEF2}.Debug|Any CPU.Build.0 = Debug|Any CPU
		{07A827AA-353F-47B3-B2E1-528FF1A3CEF2}.Release|Any CPU.ActiveCfg = Release|Any CPU
		{07A827AA-353F-47B3-B2E1-528FF1A3CEF2}.Release|Any CPU.Build.0 = Release|Any CPU
	EndGlobalSection
	GlobalSection(SolutionProperties) = preSolution
		HideSolutionNode = FALSE
	EndGlobalSection
EndGlobal
